
Microsoft Visual Studio Solution File, Format Version 12.00
# Visual Studio Version 17
VisualStudioVersion = 17.14.36414.22 d17.14
MinimumVisualStudioVersion = 10.0.40219.1
Project("{FAE04EC0-301F-11D3-BF4B-00C04F79EFBC}") = "ABCRetailers", "ABCRetailers.csproj", "{4729A079-E931-4DED-92A8-15DDD6EE79B0}"
EndProject
Project("{FAE04EC0-301F-11D3-BF4B-00C04F79EFBC}") = "ABCRetailersFunctions", "..\ABCRetailersFunctions\ABCRetailersFunctions.csproj", "{EF09A8A4-D676-4B4C-A55F-885EC5F17138}"
EndProject
Global
	GlobalSection(SolutionConfigurationPlatforms) = preSolution
		Debug|Any CPU = Debug|Any CPU
		Release|Any CPU = Release|Any CPU
	EndGlobalSection
	GlobalSection(ProjectConfigurationPlatforms) = postSolution
		{4729A079-E931-4DED-92A8-15DDD6EE79B0}.Debug|Any CPU.ActiveCfg = Debug|Any CPU
		{4729A079-E931-4DED-92A8-15DDD6EE79B0}.Debug|Any CPU.Build.0 = Debug|Any CPU
		{4729A079-E931-4DED-92A8-15DDD6EE79B0}.Release|Any CPU.ActiveCfg = Release|Any CPU
		{4729A079-E931-4DED-92A8-15DDD6EE79B0}.Release|Any CPU.Build.0 = Release|Any CPU
		{EF09A8A4-D676-4B4C-A55F-885EC5F17138}.Debug|Any CPU.ActiveCfg = Debug|Any CPU
		{EF09A8A4-D676-4B4C-A55F-885EC5F17138}.Debug|Any CPU.Build.0 = Debug|Any CPU
		{EF09A8A4-D676-4B4C-A55F-885EC5F17138}.Release|Any CPU.ActiveCfg = Release|Any CPU
		{EF09A8A4-D676-4B4C-A55F-885EC5F17138}.Release|Any CPU.Build.0 = Release|Any CPU
	EndGlobalSection
	GlobalSection(SolutionProperties) = preSolution
		HideSolutionNode = FALSE
	EndGlobalSection
	GlobalSection(ExtensibilityGlobals) = postSolution
		SolutionGuid = {3732E4C6-7F6A-4336-B8F3-874DE183ABC6}
	EndGlobalSection
EndGlobal
